
Microsoft Visual Studio Solution File, Format Version 12.00
# Visual Studio 2013
VisualStudioVersion = 12.0.21005.1
MinimumVisualStudioVersion = 10.0.40219.1
Project("{FAE04EC0-301F-11D3-BF4B-00C04F79EFBC}") = "LongVuShop.Common", "LongVuShop.Common\LongVuShop.Common.csproj", "{F5A2058A-0AA8-4137-903F-B833993DC059}"
EndProject
Project("{FAE04EC0-301F-11D3-BF4B-00C04F79EFBC}") = "LongVuShop.Model", "LongVuShop.Model\LongVuShop.Model.csproj", "{2B807F87-490B-40AD-AC51-FCB2866A5943}"
EndProject
Project("{FAE04EC0-301F-11D3-BF4B-00C04F79EFBC}") = "LongVuShop.Data", "LongVuShop.Data\LongVuShop.Data.csproj", "{F7E03EF3-E751-4437-90C6-58B6193F5B63}"
EndProject
Project("{FAE04EC0-301F-11D3-BF4B-00C04F79EFBC}") = "LongVuShop.Service", "LongVuShop.Service\LongVuShop.Service.csproj", "{1BE73AD9-0F77-41FE-8260-FFB77FA93C33}"
EndProject
Project("{FAE04EC0-301F-11D3-BF4B-00C04F79EFBC}") = "LongVuShop.UnitTest", "LongVuShop.UnitTest\LongVuShop.UnitTest.csproj", "{ED8F62B6-83C4-4C43-8072-DC21CC9DF6F8}"
EndProject
Project("{FAE04EC0-301F-11D3-BF4B-00C04F79EFBC}") = "LongVuShop.Web", "LongVuShop.Web\LongVuShop.Web.csproj", "{FE08ACF7-3FB3-47AC-9799-832789922A26}"
EndProject
Global
	GlobalSection(SolutionConfigurationPlatforms) = preSolution
		Debug|Any CPU = Debug|Any CPU
		Release|Any CPU = Release|Any CPU
	EndGlobalSection
	GlobalSection(ProjectConfigurationPlatforms) = postSolution
		{F5A2058A-0AA8-4137-903F-B833993DC059}.Debug|Any CPU.ActiveCfg = Debug|Any CPU
		{F5A2058A-0AA8-4137-903F-B833993DC059}.Debug|Any CPU.Build.0 = Debug|Any CPU
		{F5A2058A-0AA8-4137-903F-B833993DC059}.Release|Any CPU.ActiveCfg = Release|Any CPU
		{F5A2058A-0AA8-4137-903F-B833993DC059}.Release|Any CPU.Build.0 = Release|Any CPU
		{2B807F87-490B-40AD-AC51-FCB2866A5943}.Debug|Any CPU.ActiveCfg = Debug|Any CPU
		{2B807F87-490B-40AD-AC51-FCB2866A5943}.Debug|Any CPU.Build.0 = Debug|Any CPU
		{2B807F87-490B-40AD-AC51-FCB2866A5943}.Release|Any CPU.ActiveCfg = Release|Any CPU
		{2B807F87-490B-40AD-AC51-FCB2866A5943}.Release|Any CPU.Build.0 = Release|Any CPU
		{F7E03EF3-E751-4437-90C6-58B6193F5B63}.Debug|Any CPU.ActiveCfg = Debug|Any CPU
		{F7E03EF3-E751-4437-90C6-58B6193F5B63}.Debug|Any CPU.Build.0 = Debug|Any CPU
		{F7E03EF3-E751-4437-90C6-58B6193F5B63}.Release|Any CPU.ActiveCfg = Release|Any CPU
		{F7E03EF3-E751-4437-90C6-58B6193F5B63}.Release|Any CPU.Build.0 = Release|Any CPU
		{1BE73AD9-0F77-41FE-8260-FFB77FA93C33}.Debug|Any CPU.ActiveCfg = Debug|Any CPU
		{1BE73AD9-0F77-41FE-8260-FFB77FA93C33}.Debug|Any CPU.Build.0 = Debug|Any CPU
		{1BE73AD9-0F77-41FE-8260-FFB77FA93C33}.Release|Any CPU.ActiveCfg = Release|Any CPU
		{1BE73AD9-0F77-41FE-8260-FFB77FA93C33}.Release|Any CPU.Build.0 = Release|Any CPU
		{ED8F62B6-83C4-4C43-8072-DC21CC9DF6F8}.Debug|Any CPU.ActiveCfg = Debug|Any CPU
		{ED8F62B6-83C4-4C43-8072-DC21CC9DF6F8}.Debug|Any CPU.Build.0 = Debug|Any CPU
		{ED8F62B6-83C4-4C43-8072-DC21CC9DF6F8}.Release|Any CPU.ActiveCfg = Release|Any CPU
		{ED8F62B6-83C4-4C43-8072-DC21CC9DF6F8}.Release|Any CPU.Build.0 = Release|Any CPU
		{FE08ACF7-3FB3-47AC-9799-832789922A26}.Debug|Any CPU.ActiveCfg = Debug|Any CPU
		{FE08ACF7-3FB3-47AC-9799-832789922A26}.Debug|Any CPU.Build.0 = Debug|Any CPU
		{FE08ACF7-3FB3-47AC-9799-832789922A26}.Release|Any CPU.ActiveCfg = Release|Any CPU
		{FE08ACF7-3FB3-47AC-9799-832789922A26}.Release|Any CPU.Build.0 = Release|Any CPU
	EndGlobalSection
	GlobalSection(SolutionProperties) = preSolution
		HideSolutionNode = FALSE
	EndGlobalSection
EndGlobal
